// !$*UTF8*$!
{
	archiveVersion = 1;
	classes = {
	};
	objectVersion = 56;
	objects = {

/* Begin PBXBuildFile section */
		A6C572602BC5B9D00021D0DD /* CharacterView.swift in Sources */ = {isa = PBXBuildFile; fileRef = A6C5725F2BC5B9D00021D0DD /* CharacterView.swift */; };
		A6C572622BC5B9DD0021D0DD /* GridView.swift in Sources */ = {isa = PBXBuildFile; fileRef = A6C572612BC5B9DD0021D0DD /* GridView.swift */; };
		A6C572642BC5BA240021D0DD /* CharacterViewModel.swift in Sources */ = {isa = PBXBuildFile; fileRef = A6C572632BC5BA240021D0DD /* CharacterViewModel.swift */; };
		A6C572672BC5BA3D0021D0DD /* CharacterOption.swift in Sources */ = {isa = PBXBuildFile; fileRef = A6C572662BC5BA3D0021D0DD /* CharacterOption.swift */; };
		A6C572692BC5BA4C0021D0DD /* Category.swift in Sources */ = {isa = PBXBuildFile; fileRef = A6C572682BC5BA4C0021D0DD /* Category.swift */; };
		A6D9950C2BC2FA5E00F70C65 /* VoidPrincessApp.swift in Sources */ = {isa = PBXBuildFile; fileRef = A6D9950B2BC2FA5E00F70C65 /* VoidPrincessApp.swift */; };
		A6D9950E2BC2FA5E00F70C65 /* ContentView.swift in Sources */ = {isa = PBXBuildFile; fileRef = A6D9950D2BC2FA5E00F70C65 /* ContentView.swift */; };
		A6D995102BC2FA5F00F70C65 /* Assets.xcassets in Resources */ = {isa = PBXBuildFile; fileRef = A6D9950F2BC2FA5F00F70C65 /* Assets.xcassets */; };
		A6D995132BC2FA5F00F70C65 /* Preview Assets.xcassets in Resources */ = {isa = PBXBuildFile; fileRef = A6D995122BC2FA5F00F70C65 /* Preview Assets.xcassets */; };
		A6D9951D2BC2FA6000F70C65 /* VoidPrincessTests.swift in Sources */ = {isa = PBXBuildFile; fileRef = A6D9951C2BC2FA6000F70C65 /* VoidPrincessTests.swift */; };
		A6D995272BC2FA6000F70C65 /* VoidPrincessUITests.swift in Sources */ = {isa = PBXBuildFile; fileRef = A6D995262BC2FA6000F70C65 /* VoidPrincessUITests.swift */; };
		A6D995292BC2FA6000F70C65 /* VoidPrincessUITestsLaunchTests.swift in Sources */ = {isa = PBXBuildFile; fileRef = A6D995282BC2FA6000F70C65 /* VoidPrincessUITestsLaunchTests.swift */; };
		A6D995392BC3103200F70C65 /* MenuView.swift in Sources */ = {isa = PBXBuildFile; fileRef = A6D995352BC3103200F70C65 /* MenuView.swift */; };
		A6D9953A2BC3103200F70C65 /* SoundOnOff.swift in Sources */ = {isa = PBXBuildFile; fileRef = A6D995362BC3103200F70C65 /* SoundOnOff.swift */; };
		A6D9953B2BC3103200F70C65 /* artemisSoundTrack.m4a in Resources */ = {isa = PBXBuildFile; fileRef = A6D995372BC3103200F70C65 /* artemisSoundTrack.m4a */; };
		A6D9953C2BC3103200F70C65 /* PlaySound.swift in Sources */ = {isa = PBXBuildFile; fileRef = A6D995382BC3103200F70C65 /* PlaySound.swift */; };
/* End PBXBuildFile section */

/* Begin PBXContainerItemProxy section */
		A6D995192BC2FA6000F70C65 /* PBXContainerItemProxy */ = {
			isa = PBXContainerItemProxy;
			containerPortal = A6D995002BC2FA5E00F70C65 /* Project object */;
			proxyType = 1;
			remoteGlobalIDString = A6D995072BC2FA5E00F70C65;
			remoteInfo = VoidPrincess;
		};
		A6D995232BC2FA6000F70C65 /* PBXContainerItemProxy */ = {
			isa = PBXContainerItemProxy;
			containerPortal = A6D995002BC2FA5E00F70C65 /* Project object */;
			proxyType = 1;
			remoteGlobalIDString = A6D995072BC2FA5E00F70C65;
			remoteInfo = VoidPrincess;
		};
/* End PBXContainerItemProxy section */

/* Begin PBXFileReference section */
		A6C5725F2BC5B9D00021D0DD /* CharacterView.swift */ = {isa = PBXFileReference; lastKnownFileType = sourcecode.swift; path = CharacterView.swift; sourceTree = "<group>"; };
		A6C572612BC5B9DD0021D0DD /* GridView.swift */ = {isa = PBXFileReference; lastKnownFileType = sourcecode.swift; path = GridView.swift; sourceTree = "<group>"; };
		A6C572632BC5BA240021D0DD /* CharacterViewModel.swift */ = {isa = PBXFileReference; lastKnownFileType = sourcecode.swift; path = CharacterViewModel.swift; sourceTree = "<group>"; };
		A6C572662BC5BA3D0021D0DD /* CharacterOption.swift */ = {isa = PBXFileReference; lastKnownFileType = sourcecode.swift; path = CharacterOption.swift; sourceTree = "<group>"; };
		A6C572682BC5BA4C0021D0DD /* Category.swift */ = {isa = PBXFileReference; lastKnownFileType = sourcecode.swift; path = Category.swift; sourceTree = "<group>"; };
		A6D995082BC2FA5E00F70C65 /* VoidPrincess.app */ = {isa = PBXFileReference; explicitFileType = wrapper.application; includeInIndex = 0; path = VoidPrincess.app; sourceTree = BUILT_PRODUCTS_DIR; };
		A6D9950B2BC2FA5E00F70C65 /* VoidPrincessApp.swift */ = {isa = PBXFileReference; lastKnownFileType = sourcecode.swift; path = VoidPrincessApp.swift; sourceTree = "<group>"; };
		A6D9950D2BC2FA5E00F70C65 /* ContentView.swift */ = {isa = PBXFileReference; lastKnownFileType = sourcecode.swift; path = ContentView.swift; sourceTree = "<group>"; };
		A6D9950F2BC2FA5F00F70C65 /* Assets.xcassets */ = {isa = PBXFileReference; lastKnownFileType = folder.assetcatalog; path = Assets.xcassets; sourceTree = "<group>"; };
		A6D995122BC2FA5F00F70C65 /* Preview Assets.xcassets */ = {isa = PBXFileReference; lastKnownFileType = folder.assetcatalog; path = "Preview Assets.xcassets"; sourceTree = "<group>"; };
		A6D995182BC2FA6000F70C65 /* VoidPrincessTests.xctest */ = {isa = PBXFileReference; explicitFileType = wrapper.cfbundle; includeInIndex = 0; path = VoidPrincessTests.xctest; sourceTree = BUILT_PRODUCTS_DIR; };
		A6D9951C2BC2FA6000F70C65 /* VoidPrincessTests.swift */ = {isa = PBXFileReference; lastKnownFileType = sourcecode.swift; path = VoidPrincessTests.swift; sourceTree = "<group>"; };
		A6D995222BC2FA6000F70C65 /* VoidPrincessUITests.xctest */ = {isa = PBXFileReference; explicitFileType = wrapper.cfbundle; includeInIndex = 0; path = VoidPrincessUITests.xctest; sourceTree = BUILT_PRODUCTS_DIR; };
		A6D995262BC2FA6000F70C65 /* VoidPrincessUITests.swift */ = {isa = PBXFileReference; lastKnownFileType = sourcecode.swift; path = VoidPrincessUITests.swift; sourceTree = "<group>"; };
		A6D995282BC2FA6000F70C65 /* VoidPrincessUITestsLaunchTests.swift */ = {isa = PBXFileReference; lastKnownFileType = sourcecode.swift; path = VoidPrincessUITestsLaunchTests.swift; sourceTree = "<group>"; };
		A6D995352BC3103200F70C65 /* MenuView.swift */ = {isa = PBXFileReference; fileEncoding = 4; lastKnownFileType = sourcecode.swift; path = MenuView.swift; sourceTree = "<group>"; };
		A6D995362BC3103200F70C65 /* SoundOnOff.swift */ = {isa = PBXFileReference; fileEncoding = 4; lastKnownFileType = sourcecode.swift; path = SoundOnOff.swift; sourceTree = "<group>"; };
		A6D995372BC3103200F70C65 /* artemisSoundTrack.m4a */ = {isa = PBXFileReference; lastKnownFileType = file; path = artemisSoundTrack.m4a; sourceTree = "<group>"; };
		A6D995382BC3103200F70C65 /* PlaySound.swift */ = {isa = PBXFileReference; fileEncoding = 4; lastKnownFileType = sourcecode.swift; path = PlaySound.swift; sourceTree = "<group>"; };
/* End PBXFileReference section */

/* Begin PBXFrameworksBuildPhase section */
		A6D995052BC2FA5E00F70C65 /* Frameworks */ = {
			isa = PBXFrameworksBuildPhase;
			buildActionMask = 2147483647;
			files = (
			);
			runOnlyForDeploymentPostprocessing = 0;
		};
		A6D995152BC2FA6000F70C65 /* Frameworks */ = {
			isa = PBXFrameworksBuildPhase;
			buildActionMask = 2147483647;
			files = (
			);
			runOnlyForDeploymentPostprocessing = 0;
		};
		A6D9951F2BC2FA6000F70C65 /* Frameworks */ = {
			isa = PBXFrameworksBuildPhase;
			buildActionMask = 2147483647;
			files = (
			);
			runOnlyForDeploymentPostprocessing = 0;
		};
/* End PBXFrameworksBuildPhase section */

/* Begin PBXGroup section */
		A6C5725C2BC5B9A60021D0DD /* Models */ = {
			isa = PBXGroup;
			children = (
				A6C572662BC5BA3D0021D0DD /* CharacterOption.swift */,
				A6C572682BC5BA4C0021D0DD /* Category.swift */,
			);
			path = Models;
			sourceTree = "<group>";
		};
		A6C5725D2BC5B9B00021D0DD /* ViewModels */ = {
			isa = PBXGroup;
			children = (
				A6C572632BC5BA240021D0DD /* CharacterViewModel.swift */,
			);
			path = ViewModels;
			sourceTree = "<group>";
		};
		A6C5725E2BC5B9B50021D0DD /* Views */ = {
			isa = PBXGroup;
			children = (
				A6D9950D2BC2FA5E00F70C65 /* ContentView.swift */,
				A6C5725F2BC5B9D00021D0DD /* CharacterView.swift */,
				A6C572612BC5B9DD0021D0DD /* GridView.swift */,
				A6D995352BC3103200F70C65 /* MenuView.swift */,
			);
			path = Views;
			sourceTree = "<group>";
		};
		A6D994FF2BC2FA5E00F70C65 = {
			isa = PBXGroup;
			children = (
				A6D9950A2BC2FA5E00F70C65 /* VoidPrincess */,
				A6D9951B2BC2FA6000F70C65 /* VoidPrincessTests */,
				A6D995252BC2FA6000F70C65 /* VoidPrincessUITests */,
				A6D995092BC2FA5E00F70C65 /* Products */,
			);
			sourceTree = "<group>";
		};
		A6D995092BC2FA5E00F70C65 /* Products */ = {
			isa = PBXGroup;
			children = (
				A6D995082BC2FA5E00F70C65 /* VoidPrincess.app */,
				A6D995182BC2FA6000F70C65 /* VoidPrincessTests.xctest */,
				A6D995222BC2FA6000F70C65 /* VoidPrincessUITests.xctest */,
			);
			name = Products;
			sourceTree = "<group>";
		};
		A6D9950A2BC2FA5E00F70C65 /* VoidPrincess */ = {
			isa = PBXGroup;
			children = (
				A6D9950B2BC2FA5E00F70C65 /* VoidPrincessApp.swift */,
				A6C5725C2BC5B9A60021D0DD /* Models */,
				A6C5725D2BC5B9B00021D0DD /* ViewModels */,
				A6C5725E2BC5B9B50021D0DD /* Views */,
				A6D995382BC3103200F70C65 /* PlaySound.swift */,
				A6D995362BC3103200F70C65 /* SoundOnOff.swift */,
				A6D9950F2BC2FA5F00F70C65 /* Assets.xcassets */,
				A6D995372BC3103200F70C65 /* artemisSoundTrack.m4a */,
				A6D995112BC2FA5F00F70C65 /* Preview Content */,
			);
			path = VoidPrincess;
			sourceTree = "<group>";
		};
		A6D995112BC2FA5F00F70C65 /* Preview Content */ = {
			isa = PBXGroup;
			children = (
				A6D995122BC2FA5F00F70C65 /* Preview Assets.xcassets */,
			);
			path = "Preview Content";
			sourceTree = "<group>";
		};
		A6D9951B2BC2FA6000F70C65 /* VoidPrincessTests */ = {
			isa = PBXGroup;
			children = (
				A6D9951C2BC2FA6000F70C65 /* VoidPrincessTests.swift */,
			);
			path = VoidPrincessTests;
			sourceTree = "<group>";
		};
		A6D995252BC2FA6000F70C65 /* VoidPrincessUITests */ = {
			isa = PBXGroup;
			children = (
				A6D995262BC2FA6000F70C65 /* VoidPrincessUITests.swift */,
				A6D995282BC2FA6000F70C65 /* VoidPrincessUITestsLaunchTests.swift */,
			);
			path = VoidPrincessUITests;
			sourceTree = "<group>";
		};
/* End PBXGroup section */

/* Begin PBXNativeTarget section */
		A6D995072BC2FA5E00F70C65 /* VoidPrincess */ = {
			isa = PBXNativeTarget;
			buildConfigurationList = A6D9952C2BC2FA6000F70C65 /* Build configuration list for PBXNativeTarget "VoidPrincess" */;
			buildPhases = (
				A6D995042BC2FA5E00F70C65 /* Sources */,
				A6D995052BC2FA5E00F70C65 /* Frameworks */,
				A6D995062BC2FA5E00F70C65 /* Resources */,
			);
			buildRules = (
			);
			dependencies = (
			);
			name = VoidPrincess;
			productName = VoidPrincess;
			productReference = A6D995082BC2FA5E00F70C65 /* VoidPrincess.app */;
			productType = "com.apple.product-type.application";
		};
		A6D995172BC2FA6000F70C65 /* VoidPrincessTests */ = {
			isa = PBXNativeTarget;
			buildConfigurationList = A6D9952F2BC2FA6000F70C65 /* Build configuration list for PBXNativeTarget "VoidPrincessTests" */;
			buildPhases = (
				A6D995142BC2FA6000F70C65 /* Sources */,
				A6D995152BC2FA6000F70C65 /* Frameworks */,
				A6D995162BC2FA6000F70C65 /* Resources */,
			);
			buildRules = (
			);
			dependencies = (
				A6D9951A2BC2FA6000F70C65 /* PBXTargetDependency */,
			);
			name = VoidPrincessTests;
			productName = VoidPrincessTests;
			productReference = A6D995182BC2FA6000F70C65 /* VoidPrincessTests.xctest */;
			productType = "com.apple.product-type.bundle.unit-test";
		};
		A6D995212BC2FA6000F70C65 /* VoidPrincessUITests */ = {
			isa = PBXNativeTarget;
			buildConfigurationList = A6D995322BC2FA6000F70C65 /* Build configuration list for PBXNativeTarget "VoidPrincessUITests" */;
			buildPhases = (
				A6D9951E2BC2FA6000F70C65 /* Sources */,
				A6D9951F2BC2FA6000F70C65 /* Frameworks */,
				A6D995202BC2FA6000F70C65 /* Resources */,
			);
			buildRules = (
			);
			dependencies = (
				A6D995242BC2FA6000F70C65 /* PBXTargetDependency */,
			);
			name = VoidPrincessUITests;
			productName = VoidPrincessUITests;
			productReference = A6D995222BC2FA6000F70C65 /* VoidPrincessUITests.xctest */;
			productType = "com.apple.product-type.bundle.ui-testing";
		};
/* End PBXNativeTarget section */

/* Begin PBXProject section */
		A6D995002BC2FA5E00F70C65 /* Project object */ = {
			isa = PBXProject;
			attributes = {
				BuildIndependentTargetsInParallel = 1;
				LastSwiftUpdateCheck = 1530;
				LastUpgradeCheck = 1530;
				TargetAttributes = {
					A6D995072BC2FA5E00F70C65 = {
						CreatedOnToolsVersion = 15.3;
					};
					A6D995172BC2FA6000F70C65 = {
						CreatedOnToolsVersion = 15.3;
						TestTargetID = A6D995072BC2FA5E00F70C65;
					};
					A6D995212BC2FA6000F70C65 = {
						CreatedOnToolsVersion = 15.3;
						TestTargetID = A6D995072BC2FA5E00F70C65;
					};
				};
			};
			buildConfigurationList = A6D995032BC2FA5E00F70C65 /* Build configuration list for PBXProject "VoidPrincess" */;
			compatibilityVersion = "Xcode 14.0";
			developmentRegion = en;
			hasScannedForEncodings = 0;
			knownRegions = (
				en,
				Base,
			);
			mainGroup = A6D994FF2BC2FA5E00F70C65;
			productRefGroup = A6D995092BC2FA5E00F70C65 /* Products */;
			projectDirPath = "";
			projectRoot = "";
			targets = (
				A6D995072BC2FA5E00F70C65 /* VoidPrincess */,
				A6D995172BC2FA6000F70C65 /* VoidPrincessTests */,
				A6D995212BC2FA6000F70C65 /* VoidPrincessUITests */,
			);
		};
/* End PBXProject section */

/* Begin PBXResourcesBuildPhase section */
		A6D995062BC2FA5E00F70C65 /* Resources */ = {
			isa = PBXResourcesBuildPhase;
			buildActionMask = 2147483647;
			files = (
				A6D995132BC2FA5F00F70C65 /* Preview Assets.xcassets in Resources */,
				A6D9953B2BC3103200F70C65 /* artemisSoundTrack.m4a in Resources */,
				A6D995102BC2FA5F00F70C65 /* Assets.xcassets in Resources */,
			);
			runOnlyForDeploymentPostprocessing = 0;
		};
		A6D995162BC2FA6000F70C65 /* Resources */ = {
			isa = PBXResourcesBuildPhase;
			buildActionMask = 2147483647;
			files = (
			);
			runOnlyForDeploymentPostprocessing = 0;
		};
		A6D995202BC2FA6000F70C65 /* Resources */ = {
			isa = PBXResourcesBuildPhase;
			buildActionMask = 2147483647;
			files = (
			);
			runOnlyForDeploymentPostprocessing = 0;
		};
/* End PBXResourcesBuildPhase section */

/* Begin PBXSourcesBuildPhase section */
		A6D995042BC2FA5E00F70C65 /* Sources */ = {
			isa = PBXSourcesBuildPhase;
			buildActionMask = 2147483647;
			files = (
				A6C572602BC5B9D00021D0DD /* CharacterView.swift in Sources */,
				A6C572692BC5BA4C0021D0DD /* Category.swift in Sources */,
				A6C572672BC5BA3D0021D0DD /* CharacterOption.swift in Sources */,
				A6D9953C2BC3103200F70C65 /* PlaySound.swift in Sources */,
				A6D9953A2BC3103200F70C65 /* SoundOnOff.swift in Sources */,
				A6C572622BC5B9DD0021D0DD /* GridView.swift in Sources */,
				A6C572642BC5BA240021D0DD /* CharacterViewModel.swift in Sources */,
				A6D9950E2BC2FA5E00F70C65 /* ContentView.swift in Sources */,
				A6D995392BC3103200F70C65 /* MenuView.swift in Sources */,
				A6D9950C2BC2FA5E00F70C65 /* VoidPrincessApp.swift in Sources */,
			);
			runOnlyForDeploymentPostprocessing = 0;
		};
		A6D995142BC2FA6000F70C65 /* Sources */ = {
			isa = PBXSourcesBuildPhase;
			buildActionMask = 2147483647;
			files = (
				A6D9951D2BC2FA6000F70C65 /* VoidPrincessTests.swift in Sources */,
			);
			runOnlyForDeploymentPostprocessing = 0;
		};
		A6D9951E2BC2FA6000F70C65 /* Sources */ = {
			isa = PBXSourcesBuildPhase;
			buildActionMask = 2147483647;
			files = (
				A6D995272BC2FA6000F70C65 /* VoidPrincessUITests.swift in Sources */,
				A6D995292BC2FA6000F70C65 /* VoidPrincessUITestsLaunchTests.swift in Sources */,
			);
			runOnlyForDeploymentPostprocessing = 0;
		};
/* End PBXSourcesBuildPhase section */

/* Begin PBXTargetDependency section */
		A6D9951A2BC2FA6000F70C65 /* PBXTargetDependency */ = {
			isa = PBXTargetDependency;
			target = A6D995072BC2FA5E00F70C65 /* VoidPrincess */;
			targetProxy = A6D995192BC2FA6000F70C65 /* PBXContainerItemProxy */;
		};
		A6D995242BC2FA6000F70C65 /* PBXTargetDependency */ = {
			isa = PBXTargetDependency;
			target = A6D995072BC2FA5E00F70C65 /* VoidPrincess */;
			targetProxy = A6D995232BC2FA6000F70C65 /* PBXContainerItemProxy */;
		};
/* End PBXTargetDependency section */

/* Begin XCBuildConfiguration section */
		A6D9952A2BC2FA6000F70C65 /* Debug */ = {
			isa = XCBuildConfiguration;
			buildSettings = {
				ALWAYS_SEARCH_USER_PATHS = NO;
				ASSETCATALOG_COMPILER_GENERATE_SWIFT_ASSET_SYMBOL_EXTENSIONS = YES;
				CLANG_ANALYZER_NONNULL = YES;
				CLANG_ANALYZER_NUMBER_OBJECT_CONVERSION = YES_AGGRESSIVE;
				CLANG_CXX_LANGUAGE_STANDARD = "gnu++20";
				CLANG_ENABLE_MODULES = YES;
				CLANG_ENABLE_OBJC_ARC = YES;
				CLANG_ENABLE_OBJC_WEAK = YES;
				CLANG_WARN_BLOCK_CAPTURE_AUTORELEASING = YES;
				CLANG_WARN_BOOL_CONVERSION = YES;
				CLANG_WARN_COMMA = YES;
				CLANG_WARN_CONSTANT_CONVERSION = YES;
				CLANG_WARN_DEPRECATED_OBJC_IMPLEMENTATIONS = YES;
				CLANG_WARN_DIRECT_OBJC_ISA_USAGE = YES_ERROR;
				CLANG_WARN_DOCUMENTATION_COMMENTS = YES;
				CLANG_WARN_EMPTY_BODY = YES;
				CLANG_WARN_ENUM_CONVERSION = YES;
				CLANG_WARN_INFINITE_RECURSION = YES;
				CLANG_WARN_INT_CONVERSION = YES;
				CLANG_WARN_NON_LITERAL_NULL_CONVERSION = YES;
				CLANG_WARN_OBJC_IMPLICIT_RETAIN_SELF = YES;
				CLANG_WARN_OBJC_LITERAL_CONVERSION = YES;
				CLANG_WARN_OBJC_ROOT_CLASS = YES_ERROR;
				CLANG_WARN_QUOTED_INCLUDE_IN_FRAMEWORK_HEADER = YES;
				CLANG_WARN_RANGE_LOOP_ANALYSIS = YES;
				CLANG_WARN_STRICT_PROTOTYPES = YES;
				CLANG_WARN_SUSPICIOUS_MOVE = YES;
				CLANG_WARN_UNGUARDED_AVAILABILITY = YES_AGGRESSIVE;
				CLANG_WARN_UNREACHABLE_CODE = YES;
				CLANG_WARN__DUPLICATE_METHOD_MATCH = YES;
				COPY_PHASE_STRIP = NO;
				DEBUG_INFORMATION_FORMAT = dwarf;
				ENABLE_STRICT_OBJC_MSGSEND = YES;
				ENABLE_TESTABILITY = YES;
				ENABLE_USER_SCRIPT_SANDBOXING = YES;
				GCC_C_LANGUAGE_STANDARD = gnu17;
				GCC_DYNAMIC_NO_PIC = NO;
				GCC_NO_COMMON_BLOCKS = YES;
				GCC_OPTIMIZATION_LEVEL = 0;
				GCC_PREPROCESSOR_DEFINITIONS = (
					"DEBUG=1",
					"$(inherited)",
				);
				GCC_WARN_64_TO_32_BIT_CONVERSION = YES;
				GCC_WARN_ABOUT_RETURN_TYPE = YES_ERROR;
				GCC_WARN_UNDECLARED_SELECTOR = YES;
				GCC_WARN_UNINITIALIZED_AUTOS = YES_AGGRESSIVE;
				GCC_WARN_UNUSED_FUNCTION = YES;
				GCC_WARN_UNUSED_VARIABLE = YES;
				IPHONEOS_DEPLOYMENT_TARGET = 17.4;
				LOCALIZATION_PREFERS_STRING_CATALOGS = YES;
				MTL_ENABLE_DEBUG_INFO = INCLUDE_SOURCE;
				MTL_FAST_MATH = YES;
				ONLY_ACTIVE_ARCH = YES;
				SDKROOT = iphoneos;
				SWIFT_ACTIVE_COMPILATION_CONDITIONS = "DEBUG $(inherited)";
				SWIFT_OPTIMIZATION_LEVEL = "-Onone";
			};
			name = Debug;
		};
		A6D9952B2BC2FA6000F70C65 /* Release */ = {
			isa = XCBuildConfiguration;
			buildSettings = {
				ALWAYS_SEARCH_USER_PATHS = NO;
				ASSETCATALOG_COMPILER_GENERATE_SWIFT_ASSET_SYMBOL_EXTENSIONS = YES;
				CLANG_ANALYZER_NONNULL = YES;
				CLANG_ANALYZER_NUMBER_OBJECT_CONVERSION = YES_AGGRESSIVE;
				CLANG_CXX_LANGUAGE_STANDARD = "gnu++20";
				CLANG_ENABLE_MODULES = YES;
				CLANG_ENABLE_OBJC_ARC = YES;
				CLANG_ENABLE_OBJC_WEAK = YES;
				CLANG_WARN_BLOCK_CAPTURE_AUTORELEASING = YES;
				CLANG_WARN_BOOL_CONVERSION = YES;
				CLANG_WARN_COMMA = YES;
				CLANG_WARN_CONSTANT_CONVERSION = YES;
				CLANG_WARN_DEPRECATED_OBJC_IMPLEMENTATIONS = YES;
				CLANG_WARN_DIRECT_OBJC_ISA_USAGE = YES_ERROR;
				CLANG_WARN_DOCUMENTATION_COMMENTS = YES;
				CLANG_WARN_EMPTY_BODY = YES;
				CLANG_WARN_ENUM_CONVERSION = YES;
				CLANG_WARN_INFINITE_RECURSION = YES;
				CLANG_WARN_INT_CONVERSION = YES;
				CLANG_WARN_NON_LITERAL_NULL_CONVERSION = YES;
				CLANG_WARN_OBJC_IMPLICIT_RETAIN_SELF = YES;
				CLANG_WARN_OBJC_LITERAL_CONVERSION = YES;
				CLANG_WARN_OBJC_ROOT_CLASS = YES_ERROR;
				CLANG_WARN_QUOTED_INCLUDE_IN_FRAMEWORK_HEADER = YES;
				CLANG_WARN_RANGE_LOOP_ANALYSIS = YES;
				CLANG_WARN_STRICT_PROTOTYPES = YES;
				CLANG_WARN_SUSPICIOUS_MOVE = YES;
				CLANG_WARN_UNGUARDED_AVAILABILITY = YES_AGGRESSIVE;
				CLANG_WARN_UNREACHABLE_CODE = YES;
				CLANG_WARN__DUPLICATE_METHOD_MATCH = YES;
				COPY_PHASE_STRIP = NO;
				DEBUG_INFORMATION_FORMAT = "dwarf-with-dsym";
				ENABLE_NS_ASSERTIONS = NO;
				ENABLE_STRICT_OBJC_MSGSEND = YES;
				ENABLE_USER_SCRIPT_SANDBOXING = YES;
				GCC_C_LANGUAGE_STANDARD = gnu17;
				GCC_NO_COMMON_BLOCKS = YES;
				GCC_WARN_64_TO_32_BIT_CONVERSION = YES;
				GCC_WARN_ABOUT_RETURN_TYPE = YES_ERROR;
				GCC_WARN_UNDECLARED_SELECTOR = YES;
				GCC_WARN_UNINITIALIZED_AUTOS = YES_AGGRESSIVE;
				GCC_WARN_UNUSED_FUNCTION = YES;
				GCC_WARN_UNUSED_VARIABLE = YES;
				IPHONEOS_DEPLOYMENT_TARGET = 17.4;
				LOCALIZATION_PREFERS_STRING_CATALOGS = YES;
				MTL_ENABLE_DEBUG_INFO = NO;
				MTL_FAST_MATH = YES;
				SDKROOT = iphoneos;
				SWIFT_COMPILATION_MODE = wholemodule;
				VALIDATE_PRODUCT = YES;
			};
			name = Release;
		};
		A6D9952D2BC2FA6000F70C65 /* Debug */ = {
			isa = XCBuildConfiguration;
			buildSettings = {
				ASSETCATALOG_COMPILER_APPICON_NAME = AppIcon;
				ASSETCATALOG_COMPILER_GLOBAL_ACCENT_COLOR_NAME = AccentColor;
				CODE_SIGN_STYLE = Automatic;
				CURRENT_PROJECT_VERSION = 1;
				DEVELOPMENT_ASSET_PATHS = "\"VoidPrincess/Preview Content\"";
				DEVELOPMENT_TEAM = L45GPKVRUG;
				ENABLE_PREVIEWS = YES;
				GENERATE_INFOPLIST_FILE = YES;
				INFOPLIST_KEY_LSApplicationCategoryType = "public.app-category.games";
				INFOPLIST_KEY_UIApplicationSceneManifest_Generation = YES;
				INFOPLIST_KEY_UIApplicationSupportsIndirectInputEvents = YES;
				INFOPLIST_KEY_UILaunchScreen_Generation = YES;
				INFOPLIST_KEY_UISupportedInterfaceOrientations = UIInterfaceOrientationPortrait;
				LD_RUNPATH_SEARCH_PATHS = (
					"$(inherited)",
					"@executable_path/Frameworks",
				);
				MARKETING_VERSION = 1.0;
				PRODUCT_BUNDLE_IDENTIFIER = com.biancalima.VoidPrincess;
				PRODUCT_NAME = "$(TARGET_NAME)";
				SWIFT_EMIT_LOC_STRINGS = YES;
				SWIFT_VERSION = 5.0;
				TARGETED_DEVICE_FAMILY = "1,2";
			};
			name = Debug;
		};
		A6D9952E2BC2FA6000F70C65 /* Release */ = {
			isa = XCBuildConfiguration;
			buildSettings = {
				ASSETCATALOG_COMPILER_APPICON_NAME = AppIcon;
				ASSETCATALOG_COMPILER_GLOBAL_ACCENT_COLOR_NAME = AccentColor;
				CODE_SIGN_STYLE = Automatic;
				CURRENT_PROJECT_VERSION = 1;
				DEVELOPMENT_ASSET_PATHS = "\"VoidPrincess/Preview Content\"";
				DEVELOPMENT_TEAM = L45GPKVRUG;
				ENABLE_PREVIEWS = YES;
				GENERATE_INFOPLIST_FILE = YES;
				INFOPLIST_KEY_LSApplicationCategoryType = "public.app-category.games";
				INFOPLIST_KEY_UIApplicationSceneManifest_Generation = YES;
				INFOPLIST_KEY_UIApplicationSupportsIndirectInputEvents = YES;
				INFOPLIST_KEY_UILaunchScreen_Generation = YES;
				INFOPLIST_KEY_UISupportedInterfaceOrientations = UIInterfaceOrientationPortrait;
				LD_RUNPATH_SEARCH_PATHS = (
					"$(inherited)",
					"@executable_path/Frameworks",
				);
				MARKETING_VERSION = 1.0;
				PRODUCT_BUNDLE_IDENTIFIER = com.biancalima.VoidPrincess;
				PRODUCT_NAME = "$(TARGET_NAME)";
				SWIFT_EMIT_LOC_STRINGS = YES;
				SWIFT_VERSION = 5.0;
				TARGETED_DEVICE_FAMILY = "1,2";
			};
			name = Release;
		};
		A6D995302BC2FA6000F70C65 /* Debug */ = {
			isa = XCBuildConfiguration;
			buildSettings = {
				ALWAYS_EMBED_SWIFT_STANDARD_LIBRARIES = YES;
				BUNDLE_LOADER = "$(TEST_HOST)";
				CODE_SIGN_STYLE = Automatic;
				CURRENT_PROJECT_VERSION = 1;
				DEVELOPMENT_TEAM = L45GPKVRUG;
				GENERATE_INFOPLIST_FILE = YES;
				IPHONEOS_DEPLOYMENT_TARGET = 17.4;
				MARKETING_VERSION = 1.0;
				PRODUCT_BUNDLE_IDENTIFIER = com.biancalima.VoidPrincessTests;
				PRODUCT_NAME = "$(TARGET_NAME)";
				SWIFT_EMIT_LOC_STRINGS = NO;
				SWIFT_VERSION = 5.0;
				TARGETED_DEVICE_FAMILY = "1,2";
				TEST_HOST = "$(BUILT_PRODUCTS_DIR)/VoidPrincess.app/$(BUNDLE_EXECUTABLE_FOLDER_PATH)/VoidPrincess";
			};
			name = Debug;
		};
		A6D995312BC2FA6000F70C65 /* Release */ = {
			isa = XCBuildConfiguration;
			buildSettings = {
				ALWAYS_EMBED_SWIFT_STANDARD_LIBRARIES = YES;
				BUNDLE_LOADER = "$(TEST_HOST)";
				CODE_SIGN_STYLE = Automatic;
				CURRENT_PROJECT_VERSION = 1;
				DEVELOPMENT_TEAM = L45GPKVRUG;
				GENERATE_INFOPLIST_FILE = YES;
				IPHONEOS_DEPLOYMENT_TARGET = 17.4;
				MARKETING_VERSION = 1.0;
				PRODUCT_BUNDLE_IDENTIFIER = com.biancalima.VoidPrincessTests;
				PRODUCT_NAME = "$(TARGET_NAME)";
				SWIFT_EMIT_LOC_STRINGS = NO;
				SWIFT_VERSION = 5.0;
				TARGETED_DEVICE_FAMILY = "1,2";
				TEST_HOST = "$(BUILT_PRODUCTS_DIR)/VoidPrincess.app/$(BUNDLE_EXECUTABLE_FOLDER_PATH)/VoidPrincess";
			};
			name = Release;
		};
		A6D995332BC2FA6000F70C65 /* Debug */ = {
			isa = XCBuildConfiguration;
			buildSettings = {
				ALWAYS_EMBED_SWIFT_STANDARD_LIBRARIES = YES;
				CODE_SIGN_STYLE = Automatic;
				CURRENT_PROJECT_VERSION = 1;
				DEVELOPMENT_TEAM = L45GPKVRUG;
				GENERATE_INFOPLIST_FILE = YES;
				MARKETING_VERSION = 1.0;
				PRODUCT_BUNDLE_IDENTIFIER = com.biancalima.VoidPrincessUITests;
				PRODUCT_NAME = "$(TARGET_NAME)";
				SWIFT_EMIT_LOC_STRINGS = NO;
				SWIFT_VERSION = 5.0;
				TARGETED_DEVICE_FAMILY = "1,2";
				TEST_TARGET_NAME = VoidPrincess;
			};
			name = Debug;
		};
		A6D995342BC2FA6000F70C65 /* Release */ = {
			isa = XCBuildConfiguration;
			buildSettings = {
				ALWAYS_EMBED_SWIFT_STANDARD_LIBRARIES = YES;
				CODE_SIGN_STYLE = Automatic;
				CURRENT_PROJECT_VERSION = 1;
				DEVELOPMENT_TEAM = L45GPKVRUG;
				GENERATE_INFOPLIST_FILE = YES;
				MARKETING_VERSION = 1.0;
				PRODUCT_BUNDLE_IDENTIFIER = com.biancalima.VoidPrincessUITests;
				PRODUCT_NAME = "$(TARGET_NAME)";
				SWIFT_EMIT_LOC_STRINGS = NO;
				SWIFT_VERSION = 5.0;
				TARGETED_DEVICE_FAMILY = "1,2";
				TEST_TARGET_NAME = VoidPrincess;
			};
			name = Release;
		};
/* End XCBuildConfiguration section */

/* Begin XCConfigurationList section */
		A6D995032BC2FA5E00F70C65 /* Build configuration list for PBXProject "VoidPrincess" */ = {
			isa = XCConfigurationList;
			buildConfigurations = (
				A6D9952A2BC2FA6000F70C65 /* Debug */,
				A6D9952B2BC2FA6000F70C65 /* Release */,
			);
			defaultConfigurationIsVisible = 0;
			defaultConfigurationName = Release;
		};
		A6D9952C2BC2FA6000F70C65 /* Build configuration list for PBXNativeTarget "VoidPrincess" */ = {
			isa = XCConfigurationList;
			buildConfigurations = (
				A6D9952D2BC2FA6000F70C65 /* Debug */,
				A6D9952E2BC2FA6000F70C65 /* Release */,
			);
			defaultConfigurationIsVisible = 0;
			defaultConfigurationName = Release;
		};
		A6D9952F2BC2FA6000F70C65 /* Build configuration list for PBXNativeTarget "VoidPrincessTests" */ = {
			isa = XCConfigurationList;
			buildConfigurations = (
				A6D995302BC2FA6000F70C65 /* Debug */,
				A6D995312BC2FA6000F70C65 /* Release */,
			);
			defaultConfigurationIsVisible = 0;
			defaultConfigurationName = Release;
		};
		A6D995322BC2FA6000F70C65 /* Build configuration list for PBXNativeTarget "VoidPrincessUITests" */ = {
			isa = XCConfigurationList;
			buildConfigurations = (
				A6D995332BC2FA6000F70C65 /* Debug */,
				A6D995342BC2FA6000F70C65 /* Release */,
			);
			defaultConfigurationIsVisible = 0;
			defaultConfigurationName = Release;
		};
/* End XCConfigurationList section */
	};
	rootObject = A6D995002BC2FA5E00F70C65 /* Project object */;
}
